// !$*UTF8*$!
{
	archiveVersion = 1;
	classes = {
	};
	objectVersion = 46;
	objects = {

/* Begin PBXBuildFile section */
		183195485E2AC5F52CDEC5EF /* libPods-RedditTests.a in Frameworks */ = {isa = PBXBuildFile; fileRef = 1F0D11E430489D8AA64AA923 /* libPods-RedditTests.a */; };
		9642F3AD1A7A7B29000726CF /* main.m in Sources */ = {isa = PBXBuildFile; fileRef = 9642F3AC1A7A7B29000726CF /* main.m */; };
		9642F3B01A7A7B29000726CF /* AppDelegate.m in Sources */ = {isa = PBXBuildFile; fileRef = 9642F3AF1A7A7B29000726CF /* AppDelegate.m */; };
		9642F3B31A7A7B29000726CF /* ViewController.m in Sources */ = {isa = PBXBuildFile; fileRef = 9642F3B21A7A7B29000726CF /* ViewController.m */; };
		9642F3B61A7A7B29000726CF /* Main.storyboard in Resources */ = {isa = PBXBuildFile; fileRef = 9642F3B41A7A7B29000726CF /* Main.storyboard */; };
		9642F3B81A7A7B29000726CF /* Images.xcassets in Resources */ = {isa = PBXBuildFile; fileRef = 9642F3B71A7A7B29000726CF /* Images.xcassets */; };
		9642F3BB1A7A7B29000726CF /* LaunchScreen.xib in Resources */ = {isa = PBXBuildFile; fileRef = 9642F3B91A7A7B29000726CF /* LaunchScreen.xib */; };
		9642F3D31A7A8278000726CF /* RedditServiceSpec.m in Sources */ = {isa = PBXBuildFile; fileRef = 9642F3D21A7A8278000726CF /* RedditServiceSpec.m */; };
		9642F3D61A7A8A79000726CF /* RedditService.m in Sources */ = {isa = PBXBuildFile; fileRef = 9642F3D51A7A8A79000726CF /* RedditService.m */; };
		9642F3D91A7A8AC8000726CF /* RedditPost.m in Sources */ = {isa = PBXBuildFile; fileRef = 9642F3D81A7A8AC8000726CF /* RedditPost.m */; };
		BA4B40850D74D8990D73DB92 /* libPods.a in Frameworks */ = {isa = PBXBuildFile; fileRef = EF8795FE5019CBCA37ABDDEB /* libPods.a */; };
		FF33AC921A83DD860035B9FE /* RedditRoom.m in Sources */ = {isa = PBXBuildFile; fileRef = FF33AC911A83DD860035B9FE /* RedditRoom.m */; };
		FF33AC931A83DD860035B9FE /* RedditRoom.m in Sources */ = {isa = PBXBuildFile; fileRef = FF33AC911A83DD860035B9FE /* RedditRoom.m */; };
/* End PBXBuildFile section */

/* Begin PBXContainerItemProxy section */
		9642F3C11A7A7B29000726CF /* PBXContainerItemProxy */ = {
			isa = PBXContainerItemProxy;
			containerPortal = 9642F39F1A7A7B29000726CF /* Project object */;
			proxyType = 1;
			remoteGlobalIDString = 9642F3A61A7A7B29000726CF;
			remoteInfo = Reddit;
		};
/* End PBXContainerItemProxy section */

/* Begin PBXFileReference section */
		1F0D0DB1298ACC075844DA9B /* Pods-RedditTests.debug.xcconfig */ = {isa = PBXFileReference; includeInIndex = 1; lastKnownFileType = text.xcconfig; name = "Pods-RedditTests.debug.xcconfig"; path = "Pods/Target Support Files/Pods-RedditTests/Pods-RedditTests.debug.xcconfig"; sourceTree = "<group>"; };
		1F0D11E430489D8AA64AA923 /* libPods-RedditTests.a */ = {isa = PBXFileReference; explicitFileType = archive.ar; includeInIndex = 0; path = "libPods-RedditTests.a"; sourceTree = BUILT_PRODUCTS_DIR; };
		69B111CCA8CC92C75DE2F31C /* Pods-RedditTests.release.xcconfig */ = {isa = PBXFileReference; includeInIndex = 1; lastKnownFileType = text.xcconfig; name = "Pods-RedditTests.release.xcconfig"; path = "Pods/Target Support Files/Pods-RedditTests/Pods-RedditTests.release.xcconfig"; sourceTree = "<group>"; };
		6CADE13B96DCB9849C11FADE /* Pods.debug.xcconfig */ = {isa = PBXFileReference; includeInIndex = 1; lastKnownFileType = text.xcconfig; name = Pods.debug.xcconfig; path = "Pods/Target Support Files/Pods/Pods.debug.xcconfig"; sourceTree = "<group>"; };
		9642F3A71A7A7B29000726CF /* Reddit.app */ = {isa = PBXFileReference; explicitFileType = wrapper.application; includeInIndex = 0; path = Reddit.app; sourceTree = BUILT_PRODUCTS_DIR; };
		9642F3AB1A7A7B29000726CF /* Info.plist */ = {isa = PBXFileReference; lastKnownFileType = text.plist.xml; path = Info.plist; sourceTree = "<group>"; };
		9642F3AC1A7A7B29000726CF /* main.m */ = {isa = PBXFileReference; lastKnownFileType = sourcecode.c.objc; path = main.m; sourceTree = "<group>"; };
		9642F3AE1A7A7B29000726CF /* AppDelegate.h */ = {isa = PBXFileReference; lastKnownFileType = sourcecode.c.h; path = AppDelegate.h; sourceTree = "<group>"; };
		9642F3AF1A7A7B29000726CF /* AppDelegate.m */ = {isa = PBXFileReference; lastKnownFileType = sourcecode.c.objc; path = AppDelegate.m; sourceTree = "<group>"; };
		9642F3B11A7A7B29000726CF /* ViewController.h */ = {isa = PBXFileReference; lastKnownFileType = sourcecode.c.h; path = ViewController.h; sourceTree = "<group>"; };
		9642F3B21A7A7B29000726CF /* ViewController.m */ = {isa = PBXFileReference; lastKnownFileType = sourcecode.c.objc; path = ViewController.m; sourceTree = "<group>"; };
		9642F3B51A7A7B29000726CF /* Base */ = {isa = PBXFileReference; lastKnownFileType = file.storyboard; name = Base; path = Base.lproj/Main.storyboard; sourceTree = "<group>"; };
		9642F3B71A7A7B29000726CF /* Images.xcassets */ = {isa = PBXFileReference; lastKnownFileType = folder.assetcatalog; path = Images.xcassets; sourceTree = "<group>"; };
		9642F3BA1A7A7B29000726CF /* Base */ = {isa = PBXFileReference; lastKnownFileType = file.xib; name = Base; path = Base.lproj/LaunchScreen.xib; sourceTree = "<group>"; };
		9642F3C01A7A7B29000726CF /* RedditTests.xctest */ = {isa = PBXFileReference; explicitFileType = wrapper.cfbundle; includeInIndex = 0; path = RedditTests.xctest; sourceTree = BUILT_PRODUCTS_DIR; };
		9642F3C51A7A7B29000726CF /* Info.plist */ = {isa = PBXFileReference; lastKnownFileType = text.plist.xml; path = Info.plist; sourceTree = "<group>"; };
		9642F3D21A7A8278000726CF /* RedditServiceSpec.m */ = {isa = PBXFileReference; fileEncoding = 4; lastKnownFileType = sourcecode.c.objc; path = RedditServiceSpec.m; sourceTree = "<group>"; };
		9642F3D41A7A8A79000726CF /* RedditService.h */ = {isa = PBXFileReference; fileEncoding = 4; lastKnownFileType = sourcecode.c.h; path = RedditService.h; sourceTree = "<group>"; };
		9642F3D51A7A8A79000726CF /* RedditService.m */ = {isa = PBXFileReference; fileEncoding = 4; lastKnownFileType = sourcecode.c.objc; path = RedditService.m; sourceTree = "<group>"; };
		9642F3D71A7A8AC8000726CF /* RedditPost.h */ = {isa = PBXFileReference; fileEncoding = 4; lastKnownFileType = sourcecode.c.h; path = RedditPost.h; sourceTree = "<group>"; };
		9642F3D81A7A8AC8000726CF /* RedditPost.m */ = {isa = PBXFileReference; fileEncoding = 4; lastKnownFileType = sourcecode.c.objc; path = RedditPost.m; sourceTree = "<group>"; };
		CF822D3A3A5AD8886E97A4A8 /* Pods.release.xcconfig */ = {isa = PBXFileReference; includeInIndex = 1; lastKnownFileType = text.xcconfig; name = Pods.release.xcconfig; path = "Pods/Target Support Files/Pods/Pods.release.xcconfig"; sourceTree = "<group>"; };
		EF8795FE5019CBCA37ABDDEB /* libPods.a */ = {isa = PBXFileReference; explicitFileType = archive.ar; includeInIndex = 0; path = libPods.a; sourceTree = BUILT_PRODUCTS_DIR; };
		FF33AC901A83DD860035B9FE /* RedditRoom.h */ = {isa = PBXFileReference; fileEncoding = 4; lastKnownFileType = sourcecode.c.h; path = RedditRoom.h; sourceTree = "<group>"; };
		FF33AC911A83DD860035B9FE /* RedditRoom.m */ = {isa = PBXFileReference; fileEncoding = 4; lastKnownFileType = sourcecode.c.objc; path = RedditRoom.m; sourceTree = "<group>"; };
/* End PBXFileReference section */

/* Begin PBXFrameworksBuildPhase section */
		9642F3A41A7A7B29000726CF /* Frameworks */ = {
			isa = PBXFrameworksBuildPhase;
			buildActionMask = 2147483647;
			files = (
				BA4B40850D74D8990D73DB92 /* libPods.a in Frameworks */,
			);
			runOnlyForDeploymentPostprocessing = 0;
		};
		9642F3BD1A7A7B29000726CF /* Frameworks */ = {
			isa = PBXFrameworksBuildPhase;
			buildActionMask = 2147483647;
			files = (
				183195485E2AC5F52CDEC5EF /* libPods-RedditTests.a in Frameworks */,
			);
			runOnlyForDeploymentPostprocessing = 0;
		};
/* End PBXFrameworksBuildPhase section */

/* Begin PBXGroup section */
		103D51703506A78BD70F87D5 /* Frameworks */ = {
			isa = PBXGroup;
			children = (
				1F0D11E430489D8AA64AA923 /* libPods-RedditTests.a */,
				EF8795FE5019CBCA37ABDDEB /* libPods.a */,
			);
			name = Frameworks;
			sourceTree = "<group>";
		};
		382813BE467081EE2ACC9760 /* Pods */ = {
			isa = PBXGroup;
			children = (
				1F0D0DB1298ACC075844DA9B /* Pods-RedditTests.debug.xcconfig */,
				69B111CCA8CC92C75DE2F31C /* Pods-RedditTests.release.xcconfig */,
				6CADE13B96DCB9849C11FADE /* Pods.debug.xcconfig */,
				CF822D3A3A5AD8886E97A4A8 /* Pods.release.xcconfig */,
			);
			name = Pods;
			sourceTree = "<group>";
		};
		9642F39E1A7A7B29000726CF = {
			isa = PBXGroup;
			children = (
				9642F3A91A7A7B29000726CF /* Reddit */,
				9642F3C31A7A7B29000726CF /* RedditTests */,
				9642F3A81A7A7B29000726CF /* Products */,
				382813BE467081EE2ACC9760 /* Pods */,
				103D51703506A78BD70F87D5 /* Frameworks */,
			);
			sourceTree = "<group>";
		};
		9642F3A81A7A7B29000726CF /* Products */ = {
			isa = PBXGroup;
			children = (
				9642F3A71A7A7B29000726CF /* Reddit.app */,
				9642F3C01A7A7B29000726CF /* RedditTests.xctest */,
			);
			name = Products;
			sourceTree = "<group>";
		};
		9642F3A91A7A7B29000726CF /* Reddit */ = {
			isa = PBXGroup;
			children = (
				9642F3AE1A7A7B29000726CF /* AppDelegate.h */,
				9642F3AF1A7A7B29000726CF /* AppDelegate.m */,
				9642F3B11A7A7B29000726CF /* ViewController.h */,
				9642F3B21A7A7B29000726CF /* ViewController.m */,
				9642F3B41A7A7B29000726CF /* Main.storyboard */,
				9642F3B71A7A7B29000726CF /* Images.xcassets */,
				9642F3B91A7A7B29000726CF /* LaunchScreen.xib */,
				9642F3AA1A7A7B29000726CF /* Supporting Files */,
				9642F3D41A7A8A79000726CF /* RedditService.h */,
				9642F3D51A7A8A79000726CF /* RedditService.m */,
				9642F3D71A7A8AC8000726CF /* RedditPost.h */,
				9642F3D81A7A8AC8000726CF /* RedditPost.m */,
				FF33AC901A83DD860035B9FE /* RedditRoom.h */,
				FF33AC911A83DD860035B9FE /* RedditRoom.m */,
			);
			path = Reddit;
			sourceTree = "<group>";
		};
		9642F3AA1A7A7B29000726CF /* Supporting Files */ = {
			isa = PBXGroup;
			children = (
				9642F3AB1A7A7B29000726CF /* Info.plist */,
				9642F3AC1A7A7B29000726CF /* main.m */,
			);
			name = "Supporting Files";
			sourceTree = "<group>";
		};
		9642F3C31A7A7B29000726CF /* RedditTests */ = {
			isa = PBXGroup;
			children = (
				9642F3C41A7A7B29000726CF /* Supporting Files */,
				9642F3D21A7A8278000726CF /* RedditServiceSpec.m */,
			);
			path = RedditTests;
			sourceTree = "<group>";
		};
		9642F3C41A7A7B29000726CF /* Supporting Files */ = {
			isa = PBXGroup;
			children = (
				9642F3C51A7A7B29000726CF /* Info.plist */,
			);
			name = "Supporting Files";
			sourceTree = "<group>";
		};
/* End PBXGroup section */

/* Begin PBXNativeTarget section */
		9642F3A61A7A7B29000726CF /* Reddit */ = {
			isa = PBXNativeTarget;
			buildConfigurationList = 9642F3CA1A7A7B29000726CF /* Build configuration list for PBXNativeTarget "Reddit" */;
			buildPhases = (
				E6277010E802E613F1FDF621 /* Check Pods Manifest.lock */,
				9642F3A31A7A7B29000726CF /* Sources */,
				9642F3A41A7A7B29000726CF /* Frameworks */,
				9642F3A51A7A7B29000726CF /* Resources */,
				36BBB6D17660666992365F9B /* Copy Pods Resources */,
			);
			buildRules = (
			);
			dependencies = (
			);
			name = Reddit;
			productName = Reddit;
			productReference = 9642F3A71A7A7B29000726CF /* Reddit.app */;
			productType = "com.apple.product-type.application";
		};
		9642F3BF1A7A7B29000726CF /* RedditTests */ = {
			isa = PBXNativeTarget;
			buildConfigurationList = 9642F3CD1A7A7B29000726CF /* Build configuration list for PBXNativeTarget "RedditTests" */;
			buildPhases = (
				936E2A75074A0F0507B7F3D6 /* Check Pods Manifest.lock */,
				9642F3BC1A7A7B29000726CF /* Sources */,
				9642F3BD1A7A7B29000726CF /* Frameworks */,
				9642F3BE1A7A7B29000726CF /* Resources */,
				691A9A4D968CB84CDFF2036E /* Copy Pods Resources */,
			);
			buildRules = (
			);
			dependencies = (
				9642F3C21A7A7B29000726CF /* PBXTargetDependency */,
			);
			name = RedditTests;
			productName = RedditTests;
			productReference = 9642F3C01A7A7B29000726CF /* RedditTests.xctest */;
			productType = "com.apple.product-type.bundle.unit-test";
		};
/* End PBXNativeTarget section */

/* Begin PBXProject section */
		9642F39F1A7A7B29000726CF /* Project object */ = {
			isa = PBXProject;
			attributes = {
				LastUpgradeCheck = 0610;
				ORGANIZATIONNAME = "Amber Conville";
				TargetAttributes = {
					9642F3A61A7A7B29000726CF = {
						CreatedOnToolsVersion = 6.1.1;
					};
					9642F3BF1A7A7B29000726CF = {
						CreatedOnToolsVersion = 6.1.1;
						TestTargetID = 9642F3A61A7A7B29000726CF;
					};
				};
			};
			buildConfigurationList = 9642F3A21A7A7B29000726CF /* Build configuration list for PBXProject "Reddit" */;
			compatibilityVersion = "Xcode 3.2";
			developmentRegion = English;
			hasScannedForEncodings = 0;
			knownRegions = (
				en,
				Base,
			);
			mainGroup = 9642F39E1A7A7B29000726CF;
			productRefGroup = 9642F3A81A7A7B29000726CF /* Products */;
			projectDirPath = "";
			projectRoot = "";
			targets = (
				9642F3A61A7A7B29000726CF /* Reddit */,
				9642F3BF1A7A7B29000726CF /* RedditTests */,
			);
		};
/* End PBXProject section */

/* Begin PBXResourcesBuildPhase section */
		9642F3A51A7A7B29000726CF /* Resources */ = {
			isa = PBXResourcesBuildPhase;
			buildActionMask = 2147483647;
			files = (
				9642F3B61A7A7B29000726CF /* Main.storyboard in Resources */,
				9642F3BB1A7A7B29000726CF /* LaunchScreen.xib in Resources */,
				9642F3B81A7A7B29000726CF /* Images.xcassets in Resources */,
			);
			runOnlyForDeploymentPostprocessing = 0;
		};
		9642F3BE1A7A7B29000726CF /* Resources */ = {
			isa = PBXResourcesBuildPhase;
			buildActionMask = 2147483647;
			files = (
			);
			runOnlyForDeploymentPostprocessing = 0;
		};
/* End PBXResourcesBuildPhase section */

/* Begin PBXShellScriptBuildPhase section */
		36BBB6D17660666992365F9B /* Copy Pods Resources */ = {
			isa = PBXShellScriptBuildPhase;
			buildActionMask = 2147483647;
			files = (
			);
			inputPaths = (
			);
			name = "Copy Pods Resources";
			outputPaths = (
			);
			runOnlyForDeploymentPostprocessing = 0;
			shellPath = /bin/sh;
			shellScript = "\"${SRCROOT}/Pods/Target Support Files/Pods/Pods-resources.sh\"\n";
			showEnvVarsInLog = 0;
		};
		691A9A4D968CB84CDFF2036E /* Copy Pods Resources */ = {
			isa = PBXShellScriptBuildPhase;
			buildActionMask = 2147483647;
			files = (
			);
			inputPaths = (
			);
			name = "Copy Pods Resources";
			outputPaths = (
			);
			runOnlyForDeploymentPostprocessing = 0;
			shellPath = /bin/sh;
			shellScript = "\"${SRCROOT}/Pods/Target Support Files/Pods-RedditTests/Pods-RedditTests-resources.sh\"\n";
			showEnvVarsInLog = 0;
		};
		936E2A75074A0F0507B7F3D6 /* Check Pods Manifest.lock */ = {
			isa = PBXShellScriptBuildPhase;
			buildActionMask = 2147483647;
			files = (
			);
			inputPaths = (
			);
			name = "Check Pods Manifest.lock";
			outputPaths = (
			);
			runOnlyForDeploymentPostprocessing = 0;
			shellPath = /bin/sh;
			shellScript = "diff \"${PODS_ROOT}/../Podfile.lock\" \"${PODS_ROOT}/Manifest.lock\" > /dev/null\nif [[ $? != 0 ]] ; then\n    cat << EOM\nerror: The sandbox is not in sync with the Podfile.lock. Run 'pod install' or update your CocoaPods installation.\nEOM\n    exit 1\nfi\n";
			showEnvVarsInLog = 0;
		};
		E6277010E802E613F1FDF621 /* Check Pods Manifest.lock */ = {
			isa = PBXShellScriptBuildPhase;
			buildActionMask = 2147483647;
			files = (
			);
			inputPaths = (
			);
			name = "Check Pods Manifest.lock";
			outputPaths = (
			);
			runOnlyForDeploymentPostprocessing = 0;
			shellPath = /bin/sh;
			shellScript = "diff \"${PODS_ROOT}/../Podfile.lock\" \"${PODS_ROOT}/Manifest.lock\" > /dev/null\nif [[ $? != 0 ]] ; then\n    cat << EOM\nerror: The sandbox is not in sync with the Podfile.lock. Run 'pod install' or update your CocoaPods installation.\nEOM\n    exit 1\nfi\n";
			showEnvVarsInLog = 0;
		};
/* End PBXShellScriptBuildPhase section */

/* Begin PBXSourcesBuildPhase section */
		9642F3A31A7A7B29000726CF /* Sources */ = {
			isa = PBXSourcesBuildPhase;
			buildActionMask = 2147483647;
			files = (
				FF33AC921A83DD860035B9FE /* RedditRoom.m in Sources */,
				9642F3B31A7A7B29000726CF /* ViewController.m in Sources */,
				9642F3D91A7A8AC8000726CF /* RedditPost.m in Sources */,
				9642F3B01A7A7B29000726CF /* AppDelegate.m in Sources */,
				9642F3AD1A7A7B29000726CF /* main.m in Sources */,
				9642F3D61A7A8A79000726CF /* RedditService.m in Sources */,
			);
			runOnlyForDeploymentPostprocessing = 0;
		};
		9642F3BC1A7A7B29000726CF /* Sources */ = {
			isa = PBXSourcesBuildPhase;
			buildActionMask = 2147483647;
			files = (
				FF33AC931A83DD860035B9FE /* RedditRoom.m in Sources */,
				9642F3D31A7A8278000726CF /* RedditServiceSpec.m in Sources */,
			);
			runOnlyForDeploymentPostprocessing = 0;
		};
/* End PBXSourcesBuildPhase section */

/* Begin PBXTargetDependency section */
		9642F3C21A7A7B29000726CF /* PBXTargetDependency */ = {
			isa = PBXTargetDependency;
			target = 9642F3A61A7A7B29000726CF /* Reddit */;
			targetProxy = 9642F3C11A7A7B29000726CF /* PBXContainerItemProxy */;
		};
/* End PBXTargetDependency section */

/* Begin PBXVariantGroup section */
		9642F3B41A7A7B29000726CF /* Main.storyboard */ = {
			isa = PBXVariantGroup;
			children = (
				9642F3B51A7A7B29000726CF /* Base */,
			);
			name = Main.storyboard;
			sourceTree = "<group>";
		};
		9642F3B91A7A7B29000726CF /* LaunchScreen.xib */ = {
			isa = PBXVariantGroup;
			children = (
				9642F3BA1A7A7B29000726CF /* Base */,
			);
			name = LaunchScreen.xib;
			sourceTree = "<group>";
		};
/* End PBXVariantGroup section */

/* Begin XCBuildConfiguration section */
		9642F3C81A7A7B29000726CF /* Debug */ = {
			isa = XCBuildConfiguration;
			buildSettings = {
				ALWAYS_SEARCH_USER_PATHS = NO;
				CLANG_CXX_LANGUAGE_STANDARD = "gnu++0x";
				CLANG_CXX_LIBRARY = "libc++";
				CLANG_ENABLE_MODULES = YES;
				CLANG_ENABLE_OBJC_ARC = YES;
				CLANG_WARN_BOOL_CONVERSION = YES;
				CLANG_WARN_CONSTANT_CONVERSION = YES;
				CLANG_WARN_DIRECT_OBJC_ISA_USAGE = YES_ERROR;
				CLANG_WARN_EMPTY_BODY = YES;
				CLANG_WARN_ENUM_CONVERSION = YES;
				CLANG_WARN_INT_CONVERSION = YES;
				CLANG_WARN_OBJC_ROOT_CLASS = YES_ERROR;
				CLANG_WARN_UNREACHABLE_CODE = YES;
				CLANG_WARN__DUPLICATE_METHOD_MATCH = YES;
				"CODE_SIGN_IDENTITY[sdk=iphoneos*]" = "iPhone Developer";
				COPY_PHASE_STRIP = NO;
				ENABLE_STRICT_OBJC_MSGSEND = YES;
				GCC_C_LANGUAGE_STANDARD = gnu99;
				GCC_DYNAMIC_NO_PIC = NO;
				GCC_OPTIMIZATION_LEVEL = 0;
				GCC_PREPROCESSOR_DEFINITIONS = (
					"DEBUG=1",
					"$(inherited)",
				);
				GCC_SYMBOLS_PRIVATE_EXTERN = NO;
				GCC_WARN_64_TO_32_BIT_CONVERSION = YES;
				GCC_WARN_ABOUT_RETURN_TYPE = YES_ERROR;
				GCC_WARN_UNDECLARED_SELECTOR = YES;
				GCC_WARN_UNINITIALIZED_AUTOS = YES_AGGRESSIVE;
				GCC_WARN_UNUSED_FUNCTION = YES;
				GCC_WARN_UNUSED_VARIABLE = YES;
				IPHONEOS_DEPLOYMENT_TARGET = 8.1;
				MTL_ENABLE_DEBUG_INFO = YES;
				ONLY_ACTIVE_ARCH = YES;
				SDKROOT = iphoneos;
			};
			name = Debug;
		};
		9642F3C91A7A7B29000726CF /* Release */ = {
			isa = XCBuildConfiguration;
			buildSettings = {
				ALWAYS_SEARCH_USER_PATHS = NO;
				CLANG_CXX_LANGUAGE_STANDARD = "gnu++0x";
				CLANG_CXX_LIBRARY = "libc++";
				CLANG_ENABLE_MODULES = YES;
				CLANG_ENABLE_OBJC_ARC = YES;
				CLANG_WARN_BOOL_CONVERSION = YES;
				CLANG_WARN_CONSTANT_CONVERSION = YES;
				CLANG_WARN_DIRECT_OBJC_ISA_USAGE = YES_ERROR;
				CLANG_WARN_EMPTY_BODY = YES;
				CLANG_WARN_ENUM_CONVERSION = YES;
				CLANG_WARN_INT_CONVERSION = YES;
				CLANG_WARN_OBJC_ROOT_CLASS = YES_ERROR;
				CLANG_WARN_UNREACHABLE_CODE = YES;
				CLANG_WARN__DUPLICATE_METHOD_MATCH = YES;
				"CODE_SIGN_IDENTITY[sdk=iphoneos*]" = "iPhone Developer";
				COPY_PHASE_STRIP = YES;
				ENABLE_NS_ASSERTIONS = NO;
				ENABLE_STRICT_OBJC_MSGSEND = YES;
				GCC_C_LANGUAGE_STANDARD = gnu99;
				GCC_WARN_64_TO_32_BIT_CONVERSION = YES;
				GCC_WARN_ABOUT_RETURN_TYPE = YES_ERROR;
				GCC_WARN_UNDECLARED_SELECTOR = YES;
				GCC_WARN_UNINITIALIZED_AUTOS = YES_AGGRESSIVE;
				GCC_WARN_UNUSED_FUNCTION = YES;
				GCC_WARN_UNUSED_VARIABLE = YES;
				IPHONEOS_DEPLOYMENT_TARGET = 8.1;
				MTL_ENABLE_DEBUG_INFO = NO;
				SDKROOT = iphoneos;
				VALIDATE_PRODUCT = YES;
			};
			name = Release;
		};
		9642F3CB1A7A7B29000726CF /* Debug */ = {
			isa = XCBuildConfiguration;
			baseConfigurationReference = 6CADE13B96DCB9849C11FADE /* Pods.debug.xcconfig */;
			buildSettings = {
				ASSETCATALOG_COMPILER_APPICON_NAME = AppIcon;
				INFOPLIST_FILE = Reddit/Info.plist;
				LD_RUNPATH_SEARCH_PATHS = "$(inherited) @executable_path/Frameworks";
				PRODUCT_NAME = "$(TARGET_NAME)";
			};
			name = Debug;
		};
		9642F3CC1A7A7B29000726CF /* Release */ = {
			isa = XCBuildConfiguration;
			baseConfigurationReference = CF822D3A3A5AD8886E97A4A8 /* Pods.release.xcconfig */;
			buildSettings = {
				ASSETCATALOG_COMPILER_APPICON_NAME = AppIcon;
				INFOPLIST_FILE = Reddit/Info.plist;
				LD_RUNPATH_SEARCH_PATHS = "$(inherited) @executable_path/Frameworks";
				PRODUCT_NAME = "$(TARGET_NAME)";
			};
			name = Release;
		};
		9642F3CE1A7A7B29000726CF /* Debug */ = {
			isa = XCBuildConfiguration;
			baseConfigurationReference = 1F0D0DB1298ACC075844DA9B /* Pods-RedditTests.debug.xcconfig */;
			buildSettings = {
				BUNDLE_LOADER = "$(TEST_HOST)";
				FRAMEWORK_SEARCH_PATHS = (
					"$(SDKROOT)/Developer/Library/Frameworks",
					"$(inherited)",
				);
				GCC_PREPROCESSOR_DEFINITIONS = (
					"DEBUG=1",
					"$(inherited)",
				);
				INFOPLIST_FILE = RedditTests/Info.plist;
				LD_RUNPATH_SEARCH_PATHS = "$(inherited) @executable_path/Frameworks @loader_path/Frameworks";
				PRODUCT_NAME = "$(TARGET_NAME)";
				TEST_HOST = "$(BUILT_PRODUCTS_DIR)/Reddit.app/Reddit";
			};
			name = Debug;
		};
		9642F3CF1A7A7B29000726CF /* Release */ = {
			isa = XCBuildConfiguration;
			baseConfigurationReference = 69B111CCA8CC92C75DE2F31C /* Pods-RedditTests.release.xcconfig */;
			buildSettings = {
				BUNDLE_LOADER = "$(TEST_HOST)";
				FRAMEWORK_SEARCH_PATHS = (
					"$(SDKROOT)/Developer/Library/Frameworks",
					"$(inherited)",
				);
				INFOPLIST_FILE = RedditTests/Info.plist;
				LD_RUNPATH_SEARCH_PATHS = "$(inherited) @executable_path/Frameworks @loader_path/Frameworks";
				PRODUCT_NAME = "$(TARGET_NAME)";
				TEST_HOST = "$(BUILT_PRODUCTS_DIR)/Reddit.app/Reddit";
			};
			name = Release;
		};
/* End XCBuildConfiguration section */

/* Begin XCConfigurationList section */
		9642F3A21A7A7B29000726CF /* Build configuration list for PBXProject "Reddit" */ = {
			isa = XCConfigurationList;
			buildConfigurations = (
				9642F3C81A7A7B29000726CF /* Debug */,
				9642F3C91A7A7B29000726CF /* Release */,
			);
			defaultConfigurationIsVisible = 0;
			defaultConfigurationName = Release;
		};
		9642F3CA1A7A7B29000726CF /* Build configuration list for PBXNativeTarget "Reddit" */ = {
			isa = XCConfigurationList;
			buildConfigurations = (
				9642F3CB1A7A7B29000726CF /* Debug */,
				9642F3CC1A7A7B29000726CF /* Release */,
			);
			defaultConfigurationIsVisible = 0;
			defaultConfigurationName = Release;
		};
		9642F3CD1A7A7B29000726CF /* Build configuration list for PBXNativeTarget "RedditTests" */ = {
			isa = XCConfigurationList;
			buildConfigurations = (
				9642F3CE1A7A7B29000726CF /* Debug */,
				9642F3CF1A7A7B29000726CF /* Release */,
			);
			defaultConfigurationIsVisible = 0;
			defaultConfigurationName = Release;
		};
/* End XCConfigurationList section */
	};
	rootObject = 9642F39F1A7A7B29000726CF /* Project object */;
}
